
Microsoft Visual Studio Solution File, Format Version 12.00
# Visual Studio Version 16
VisualStudioVersion = 16.0.32106.194
MinimumVisualStudioVersion = 10.0.40219.1
Project("{FAE04EC0-301F-11D3-BF4B-00C04F79EFBC}") = "Backend", "Backend\Backend.csproj", "{EE3FFE93-8572-4C82-AB10-D2B2DE2DD53F}"
EndProject
Global
	GlobalSection(SolutionConfigurationPlatforms) = preSolution
		Debug|Any CPU = Debug|Any CPU
		Release|Any CPU = Release|Any CPU
	EndGlobalSection
	GlobalSection(ProjectConfigurationPlatforms) = postSolution
		{EE3FFE93-8572-4C82-AB10-D2B2DE2DD53F}.Debug|Any CPU.ActiveCfg = Debug|Any CPU
		{EE3FFE93-8572-4C82-AB10-D2B2DE2DD53F}.Debug|Any CPU.Build.0 = Debug|Any CPU
		{EE3FFE93-8572-4C82-AB10-D2B2DE2DD53F}.Release|Any CPU.ActiveCfg = Release|Any CPU
		{EE3FFE93-8572-4C82-AB10-D2B2DE2DD53F}.Release|Any CPU.Build.0 = Release|Any CPU
	EndGlobalSection
	GlobalSection(SolutionProperties) = preSolution
		HideSolutionNode = FALSE
	EndGlobalSection
	GlobalSection(ExtensibilityGlobals) = postSolution
		SolutionGuid = {AB7D803B-1152-4B6A-9E2D-B45F50FF88E3}
	EndGlobalSection
EndGlobal
